
Microsoft Visual Studio Solution File, Format Version 12.00
# Visual Studio Version 17
VisualStudioVersion = 17.4.33110.190
MinimumVisualStudioVersion = 10.0.40219.1
Project("{FAE04EC0-301F-11D3-BF4B-00C04F79EFBC}") = "OOP_Lab3", "OOP_Lab3.csproj", "{7A6E3932-34C0-4F25-90B0-7E737860CD8D}"
EndProject
Global
	GlobalSection(SolutionConfigurationPlatforms) = preSolution
		Debug|Any CPU = Debug|Any CPU
		Release|Any CPU = Release|Any CPU
	EndGlobalSection
	GlobalSection(ProjectConfigurationPlatforms) = postSolution
		{7A6E3932-34C0-4F25-90B0-7E737860CD8D}.Debug|Any CPU.ActiveCfg = Debug|Any CPU
		{7A6E3932-34C0-4F25-90B0-7E737860CD8D}.Debug|Any CPU.Build.0 = Debug|Any CPU
		{7A6E3932-34C0-4F25-90B0-7E737860CD8D}.Release|Any CPU.ActiveCfg = Release|Any CPU
		{7A6E3932-34C0-4F25-90B0-7E737860CD8D}.Release|Any CPU.Build.0 = Release|Any CPU
	EndGlobalSection
	GlobalSection(SolutionProperties) = preSolution
		HideSolutionNode = FALSE
	EndGlobalSection
	GlobalSection(ExtensibilityGlobals) = postSolution
		SolutionGuid = {001E8612-FA2C-49E4-9BD8-EE1CF36C88D8}
	EndGlobalSection
EndGlobal
